// !$*UTF8*$!
{
	archiveVersion = 1;
	classes = {
	};
	objectVersion = 77;
	objects = {

/* Begin PBXBuildFile section */
		61DB000000000000000000A3 /* GRDB in Frameworks */ = {isa = PBXBuildFile; productRef = 61DB000000000000000000A2 /* GRDB */; };
		61DB000000000000000000B3 /* Sparkle in Frameworks */ = {isa = PBXBuildFile; productRef = 61DB000000000000000000B2 /* Sparkle */; };
		61DB000000000000000000C3 /* GRDB in Frameworks */ = {isa = PBXBuildFile; productRef = 61DB000000000000000000C2 /* GRDB */; };
		7E0000000000000000000010 /* APIClient.swift in Sources */ = {isa = PBXBuildFile; fileRef = 7E0000000000000000000020 /* APIClient.swift */; };
		7E0000000000000000000011 /* AuthError.swift in Sources */ = {isa = PBXBuildFile; fileRef = 7E0000000000000000000021 /* AuthError.swift */; };
		7E0000000000000000000012 /* ServerConfig.swift in Sources */ = {isa = PBXBuildFile; fileRef = 7E0000000000000000000022 /* ServerConfig.swift */; };
		7E0000000000000000000013 /* DeviceToken.swift in Sources */ = {isa = PBXBuildFile; fileRef = 7E0000000000000000000023 /* DeviceToken.swift */; };
		7E0000000000000000000014 /* SyncModels.swift in Sources */ = {isa = PBXBuildFile; fileRef = 7E0000000000000000000024 /* SyncModels.swift */; };
		7E0000000000000000000015 /* MiniZip.swift in Sources */ = {isa = PBXBuildFile; fileRef = 7E0000000000000000000025 /* MiniZip.swift */; };
		7E0000000000000000000016 /* SyncState.swift in Sources */ = {isa = PBXBuildFile; fileRef = 7E0000000000000000000026 /* SyncState.swift */; };
		7E0000000000000000000017 /* WebAssets.swift in Sources */ = {isa = PBXBuildFile; fileRef = 7E0000000000000000000027 /* WebAssets.swift */; };
		7E0000000000000000000018 /* Localization.swift in Sources */ = {isa = PBXBuildFile; fileRef = 7E0000000000000000000028 /* Localization.swift */; };
		7E0000000000000000000019 /* ServerNamespace.swift in Sources */ = {isa = PBXBuildFile; fileRef = 7E0000000000000000000029 /* ServerNamespace.swift */; };
		7E000000000000000000001A /* DeviceIdentity.swift in Sources */ = {isa = PBXBuildFile; fileRef = 7E0000000000000000000031 /* DeviceIdentity.swift */; };
		7E000000000000000000003A /* ConflictDiff.swift in Sources */ = {isa = PBXBuildFile; fileRef = 7E000000000000000000003B /* ConflictDiff.swift */; };
		7E0000000000000000000050 /* EditorBridge.swift in Sources */ = {isa = PBXBuildFile; fileRef = 7E0000000000000000000040 /* EditorBridge.swift */; };
		7E0000000000000000000051 /* EditorCoordinating.swift in Sources */ = {isa = PBXBuildFile; fileRef = 7E0000000000000000000041 /* EditorCoordinating.swift */; };
		7E0000000000000000000052 /* LocalStore.swift in Sources */ = {isa = PBXBuildFile; fileRef = 7E0000000000000000000042 /* LocalStore.swift */; };
		7E0000000000000000000053 /* TypographyController.swift in Sources */ = {isa = PBXBuildFile; fileRef = 7E0000000000000000000043 /* TypographyController.swift */; };
		7E0000000000000000000054 /* FocusController.swift in Sources */ = {isa = PBXBuildFile; fileRef = 7E0000000000000000000044 /* FocusController.swift */; };
		7E0000000000000000000055 /* SyncEngine.swift in Sources */ = {isa = PBXBuildFile; fileRef = 7E0000000000000000000045 /* SyncEngine.swift */; };
		7E0000000000000000000056 /* SyncEngine+Push.swift in Sources */ = {isa = PBXBuildFile; fileRef = 7E0000000000000000000046 /* SyncEngine+Push.swift */; };
		7E0000000000000000000057 /* SyncEngine+Pull.swift in Sources */ = {isa = PBXBuildFile; fileRef = 7E0000000000000000000047 /* SyncEngine+Pull.swift */; };
		7E0000000000000000000095 /* SyncEngine+Conflicts.swift in Sources */ = {isa = PBXBuildFile; fileRef = 7E0000000000000000000094 /* SyncEngine+Conflicts.swift */; };
		7E0000000000000000000058 /* ContentAPI.swift in Sources */ = {isa = PBXBuildFile; fileRef = 7E0000000000000000000048 /* ContentAPI.swift */; };
		7E0000000000000000000059 /* Reachability.swift in Sources */ = {isa = PBXBuildFile; fileRef = 7E0000000000000000000049 /* Reachability.swift */; };
		7E000000000000000000005A /* SyncPreferences.swift in Sources */ = {isa = PBXBuildFile; fileRef = 7E000000000000000000004A /* SyncPreferences.swift */; };
		7E000000000000000000005B /* EditorBridge+Proxies.swift in Sources */ = {isa = PBXBuildFile; fileRef = 7E000000000000000000004B /* EditorBridge+Proxies.swift */; };
		7E0000000000000000000090 /* EditorBridge+Ops.swift in Sources */ = {isa = PBXBuildFile; fileRef = 7E0000000000000000000080 /* EditorBridge+Ops.swift */; };
		7E0000000000000000000091 /* EditorBridge+Events.swift in Sources */ = {isa = PBXBuildFile; fileRef = 7E0000000000000000000081 /* EditorBridge+Events.swift */; };
		7E0000000000000000000092 /* EditorBridge+Params.swift in Sources */ = {isa = PBXBuildFile; fileRef = 7E0000000000000000000082 /* EditorBridge+Params.swift */; };
		7E0000000000000000000093 /* EditorBridge+Recents.swift in Sources */ = {isa = PBXBuildFile; fileRef = 7E0000000000000000000083 /* EditorBridge+Recents.swift */; };
		7E000000000000000000005C /* WebAssets+BridgeFacade.swift in Sources */ = {isa = PBXBuildFile; fileRef = 7E000000000000000000004C /* WebAssets+BridgeFacade.swift */; };
		7E000000000000000000005D /* WebAssets+IndexHTML.swift in Sources */ = {isa = PBXBuildFile; fileRef = 7E000000000000000000004D /* WebAssets+IndexHTML.swift */; };
		7E0000000000000000000070 /* WritingTimeTracker.swift in Sources */ = {isa = PBXBuildFile; fileRef = 7E0000000000000000000060 /* WritingTimeTracker.swift */; };
		7E0000000000000000000071 /* LibraryStore.swift in Sources */ = {isa = PBXBuildFile; fileRef = 7E0000000000000000000061 /* LibraryStore.swift */; };
		7E0000000000000000000073 /* PagePickerModel.swift in Sources */ = {isa = PBXBuildFile; fileRef = 7E0000000000000000000063 /* PagePickerModel.swift */; };
		7E0000000000000000000210 /* Shortcuts.swift in Sources */ = {isa = PBXBuildFile; fileRef = 7E0000000000000000000211 /* Shortcuts.swift */; };
		7E0000000000000000000212 /* ServerScopedKeys.swift in Sources */ = {isa = PBXBuildFile; fileRef = 7E0000000000000000000213 /* ServerScopedKeys.swift */; };
		7E000000000000000000022C /* WebAssets+GlueSynonyms.swift in Sources */ = {isa = PBXBuildFile; fileRef = 7E000000000000000000022D /* WebAssets+GlueSynonyms.swift */; };
		7E000000000000000000022A /* WebAssets+GlueMount.swift in Sources */ = {isa = PBXBuildFile; fileRef = 7E000000000000000000022B /* WebAssets+GlueMount.swift */; };
		7E0000000000000000000228 /* WebAssets+GlueStats.swift in Sources */ = {isa = PBXBuildFile; fileRef = 7E0000000000000000000229 /* WebAssets+GlueStats.swift */; };
		7E0000000000000000000226 /* WebAssets+GlueTypography.swift in Sources */ = {isa = PBXBuildFile; fileRef = 7E0000000000000000000227 /* WebAssets+GlueTypography.swift */; };
		7E0000000000000000000224 /* WebAssets+GlueEvents.swift in Sources */ = {isa = PBXBuildFile; fileRef = 7E0000000000000000000225 /* WebAssets+GlueEvents.swift */; };
		7E0000000000000000000222 /* WebAssets+GlueHistory.swift in Sources */ = {isa = PBXBuildFile; fileRef = 7E0000000000000000000223 /* WebAssets+GlueHistory.swift */; };
		7E0000000000000000000220 /* WebAssets+GlueCaret.swift in Sources */ = {isa = PBXBuildFile; fileRef = 7E0000000000000000000221 /* WebAssets+GlueCaret.swift */; };
		7E000000000000000000021E /* WebAssets+GlueSpellcheck.swift in Sources */ = {isa = PBXBuildFile; fileRef = 7E000000000000000000021F /* WebAssets+GlueSpellcheck.swift */; };
		7E0000000000000000000218 /* ServerSeededChoice.swift in Sources */ = {isa = PBXBuildFile; fileRef = 7E0000000000000000000219 /* ServerSeededChoice.swift */; };
		7E0000000000000000000216 /* JobPolling.swift in Sources */ = {isa = PBXBuildFile; fileRef = 7E0000000000000000000217 /* JobPolling.swift */; };
		7E0000000000000000000214 /* AppLog.swift in Sources */ = {isa = PBXBuildFile; fileRef = 7E0000000000000000000215 /* AppLog.swift */; };
		7E0000000000000000000072 /* GRDBLocalStore.swift in Sources */ = {isa = PBXBuildFile; fileRef = 7E0000000000000000000062 /* GRDBLocalStore.swift */; };
		7E0000000000000000000074 /* PageMetrics.swift in Sources */ = {isa = PBXBuildFile; fileRef = 7E0000000000000000000064 /* PageMetrics.swift */; };
		7E0000000000000000000101 /* GRDB in Frameworks */ = {isa = PBXBuildFile; productRef = 7E0000000000000000000102 /* GRDB */; };
		7E0000000000000000000200 /* WebAssets+DevHarness.swift in Sources */ = {isa = PBXBuildFile; fileRef = 7E0000000000000000000201 /* WebAssets+DevHarness.swift */; };
		7E0000000000000000000206 /* DiagnosticsReport.swift in Sources */ = {isa = PBXBuildFile; fileRef = 7E0000000000000000000207 /* DiagnosticsReport.swift */; };
		7E0000000000000000000208 /* EditorBundleStore.swift in Sources */ = {isa = PBXBuildFile; fileRef = 7E0000000000000000000209 /* EditorBundleStore.swift */; };
		7E000000000000000000020A /* LektoratJobStore.swift in Sources */ = {isa = PBXBuildFile; fileRef = 7E000000000000000000020B /* LektoratJobStore.swift */; };
		7E000000000000000000020C /* AccountDeletionController.swift in Sources */ = {isa = PBXBuildFile; fileRef = 7E000000000000000000020D /* AccountDeletionController.swift */; };
/* End PBXBuildFile section */

/* Begin PBXContainerItemProxy section */
		7E000000000000000000000B /* PBXContainerItemProxy */ = {
			isa = PBXContainerItemProxy;
			containerPortal = 61EA81342FDE904700FBD31B /* Project object */;
			proxyType = 1;
			remoteGlobalIDString = 61EA813B2FDE904700FBD31B;
			remoteInfo = "schreibwerkstatt-focuseditor";
		};
/* End PBXContainerItemProxy section */

/* Begin PBXFileReference section */
		61EA813C2FDE904700FBD31B /* Focuseditor.app */ = {isa = PBXFileReference; explicitFileType = wrapper.application; includeInIndex = 0; path = Focuseditor.app; sourceTree = BUILT_PRODUCTS_DIR; };
		7E0000000000000000000002 /* schreibwerkstatt-focuseditorTests.xctest */ = {isa = PBXFileReference; explicitFileType = wrapper.cfbundle; includeInIndex = 0; path = "schreibwerkstatt-focuseditorTests.xctest"; sourceTree = BUILT_PRODUCTS_DIR; };
		7E0000000000000000000020 /* APIClient.swift */ = {isa = PBXFileReference; lastKnownFileType = sourcecode.swift; name = APIClient.swift; path = "schreibwerkstatt-focuseditor/Auth/APIClient.swift"; sourceTree = SOURCE_ROOT; };
		7E0000000000000000000021 /* AuthError.swift */ = {isa = PBXFileReference; lastKnownFileType = sourcecode.swift; name = AuthError.swift; path = "schreibwerkstatt-focuseditor/Auth/AuthError.swift"; sourceTree = SOURCE_ROOT; };
		7E0000000000000000000022 /* ServerConfig.swift */ = {isa = PBXFileReference; lastKnownFileType = sourcecode.swift; name = ServerConfig.swift; path = "schreibwerkstatt-focuseditor/Auth/ServerConfig.swift"; sourceTree = SOURCE_ROOT; };
		7E0000000000000000000023 /* DeviceToken.swift */ = {isa = PBXFileReference; lastKnownFileType = sourcecode.swift; name = DeviceToken.swift; path = "schreibwerkstatt-focuseditor/Auth/DeviceToken.swift"; sourceTree = SOURCE_ROOT; };
		7E0000000000000000000024 /* SyncModels.swift */ = {isa = PBXFileReference; lastKnownFileType = sourcecode.swift; name = SyncModels.swift; path = "schreibwerkstatt-focuseditor/Sync/SyncModels.swift"; sourceTree = SOURCE_ROOT; };
		7E0000000000000000000025 /* MiniZip.swift */ = {isa = PBXFileReference; lastKnownFileType = sourcecode.swift; name = MiniZip.swift; path = "schreibwerkstatt-focuseditor/Web/MiniZip.swift"; sourceTree = SOURCE_ROOT; };
		7E0000000000000000000026 /* SyncState.swift */ = {isa = PBXFileReference; lastKnownFileType = sourcecode.swift; name = SyncState.swift; path = "schreibwerkstatt-focuseditor/Sync/SyncState.swift"; sourceTree = SOURCE_ROOT; };
		7E0000000000000000000027 /* WebAssets.swift */ = {isa = PBXFileReference; lastKnownFileType = sourcecode.swift; name = WebAssets.swift; path = "schreibwerkstatt-focuseditor/Web/WebAssets.swift"; sourceTree = SOURCE_ROOT; };
		7E0000000000000000000028 /* Localization.swift */ = {isa = PBXFileReference; lastKnownFileType = sourcecode.swift; name = Localization.swift; path = "schreibwerkstatt-focuseditor/Localization/Localization.swift"; sourceTree = SOURCE_ROOT; };
		7E0000000000000000000029 /* ServerNamespace.swift */ = {isa = PBXFileReference; lastKnownFileType = sourcecode.swift; name = ServerNamespace.swift; path = "schreibwerkstatt-focuseditor/Auth/ServerNamespace.swift"; sourceTree = SOURCE_ROOT; };
		7E0000000000000000000030 /* Version.xcconfig */ = {isa = PBXFileReference; lastKnownFileType = text.xcconfig; path = Version.xcconfig; sourceTree = SOURCE_ROOT; };
		7E0000000000000000000031 /* DeviceIdentity.swift */ = {isa = PBXFileReference; lastKnownFileType = sourcecode.swift; name = DeviceIdentity.swift; path = "schreibwerkstatt-focuseditor/Sync/DeviceIdentity.swift"; sourceTree = SOURCE_ROOT; };
		7E000000000000000000003B /* ConflictDiff.swift */ = {isa = PBXFileReference; lastKnownFileType = sourcecode.swift; name = ConflictDiff.swift; path = "schreibwerkstatt-focuseditor/Conflict/ConflictDiff.swift"; sourceTree = SOURCE_ROOT; };
		7E0000000000000000000040 /* EditorBridge.swift */ = {isa = PBXFileReference; lastKnownFileType = sourcecode.swift; name = EditorBridge.swift; path = "schreibwerkstatt-focuseditor/Web/EditorBridge.swift"; sourceTree = SOURCE_ROOT; };
		7E0000000000000000000041 /* EditorCoordinating.swift */ = {isa = PBXFileReference; lastKnownFileType = sourcecode.swift; name = EditorCoordinating.swift; path = "schreibwerkstatt-focuseditor/Web/EditorCoordinating.swift"; sourceTree = SOURCE_ROOT; };
		7E0000000000000000000042 /* LocalStore.swift */ = {isa = PBXFileReference; lastKnownFileType = sourcecode.swift; name = LocalStore.swift; path = "schreibwerkstatt-focuseditor/Store/LocalStore.swift"; sourceTree = SOURCE_ROOT; };
		7E0000000000000000000043 /* TypographyController.swift */ = {isa = PBXFileReference; lastKnownFileType = sourcecode.swift; name = TypographyController.swift; path = "schreibwerkstatt-focuseditor/Theme/TypographyController.swift"; sourceTree = SOURCE_ROOT; };
		7E0000000000000000000044 /* FocusController.swift */ = {isa = PBXFileReference; lastKnownFileType = sourcecode.swift; name = FocusController.swift; path = "schreibwerkstatt-focuseditor/Focus/FocusController.swift"; sourceTree = SOURCE_ROOT; };
		7E0000000000000000000045 /* SyncEngine.swift */ = {isa = PBXFileReference; lastKnownFileType = sourcecode.swift; name = SyncEngine.swift; path = "schreibwerkstatt-focuseditor/Sync/SyncEngine.swift"; sourceTree = SOURCE_ROOT; };
		7E0000000000000000000046 /* SyncEngine+Push.swift */ = {isa = PBXFileReference; lastKnownFileType = sourcecode.swift; name = "SyncEngine+Push.swift"; path = "schreibwerkstatt-focuseditor/Sync/SyncEngine+Push.swift"; sourceTree = SOURCE_ROOT; };
		7E0000000000000000000047 /* SyncEngine+Pull.swift */ = {isa = PBXFileReference; lastKnownFileType = sourcecode.swift; name = "SyncEngine+Pull.swift"; path = "schreibwerkstatt-focuseditor/Sync/SyncEngine+Pull.swift"; sourceTree = SOURCE_ROOT; };
		7E0000000000000000000094 /* SyncEngine+Conflicts.swift */ = {isa = PBXFileReference; lastKnownFileType = sourcecode.swift; name = "SyncEngine+Conflicts.swift"; path = "schreibwerkstatt-focuseditor/Sync/SyncEngine+Conflicts.swift"; sourceTree = SOURCE_ROOT; };
		7E0000000000000000000048 /* ContentAPI.swift */ = {isa = PBXFileReference; lastKnownFileType = sourcecode.swift; name = ContentAPI.swift; path = "schreibwerkstatt-focuseditor/Content/ContentAPI.swift"; sourceTree = SOURCE_ROOT; };
		7E0000000000000000000049 /* Reachability.swift */ = {isa = PBXFileReference; lastKnownFileType = sourcecode.swift; name = Reachability.swift; path = "schreibwerkstatt-focuseditor/Sync/Reachability.swift"; sourceTree = SOURCE_ROOT; };
		7E000000000000000000004A /* SyncPreferences.swift */ = {isa = PBXFileReference; lastKnownFileType = sourcecode.swift; name = SyncPreferences.swift; path = "schreibwerkstatt-focuseditor/Sync/SyncPreferences.swift"; sourceTree = SOURCE_ROOT; };
		7E000000000000000000004B /* EditorBridge+Proxies.swift */ = {isa = PBXFileReference; lastKnownFileType = sourcecode.swift; name = "EditorBridge+Proxies.swift"; path = "schreibwerkstatt-focuseditor/Web/EditorBridge+Proxies.swift"; sourceTree = SOURCE_ROOT; };
		7E0000000000000000000080 /* EditorBridge+Ops.swift */ = {isa = PBXFileReference; lastKnownFileType = sourcecode.swift; name = "EditorBridge+Ops.swift"; path = "schreibwerkstatt-focuseditor/Web/EditorBridge+Ops.swift"; sourceTree = SOURCE_ROOT; };
		7E0000000000000000000081 /* EditorBridge+Events.swift */ = {isa = PBXFileReference; lastKnownFileType = sourcecode.swift; name = "EditorBridge+Events.swift"; path = "schreibwerkstatt-focuseditor/Web/EditorBridge+Events.swift"; sourceTree = SOURCE_ROOT; };
		7E0000000000000000000082 /* EditorBridge+Params.swift */ = {isa = PBXFileReference; lastKnownFileType = sourcecode.swift; name = "EditorBridge+Params.swift"; path = "schreibwerkstatt-focuseditor/Web/EditorBridge+Params.swift"; sourceTree = SOURCE_ROOT; };
		7E0000000000000000000083 /* EditorBridge+Recents.swift */ = {isa = PBXFileReference; lastKnownFileType = sourcecode.swift; name = "EditorBridge+Recents.swift"; path = "schreibwerkstatt-focuseditor/Web/EditorBridge+Recents.swift"; sourceTree = SOURCE_ROOT; };
		7E000000000000000000004C /* WebAssets+BridgeFacade.swift */ = {isa = PBXFileReference; lastKnownFileType = sourcecode.swift; name = "WebAssets+BridgeFacade.swift"; path = "schreibwerkstatt-focuseditor/Web/WebAssets+BridgeFacade.swift"; sourceTree = SOURCE_ROOT; };
		7E000000000000000000004D /* WebAssets+IndexHTML.swift */ = {isa = PBXFileReference; lastKnownFileType = sourcecode.swift; name = "WebAssets+IndexHTML.swift"; path = "schreibwerkstatt-focuseditor/Web/WebAssets+IndexHTML.swift"; sourceTree = SOURCE_ROOT; };
		7E0000000000000000000060 /* WritingTimeTracker.swift */ = {isa = PBXFileReference; lastKnownFileType = sourcecode.swift; name = WritingTimeTracker.swift; path = "schreibwerkstatt-focuseditor/Writing/WritingTimeTracker.swift"; sourceTree = SOURCE_ROOT; };
		7E0000000000000000000061 /* LibraryStore.swift */ = {isa = PBXFileReference; lastKnownFileType = sourcecode.swift; name = LibraryStore.swift; path = "schreibwerkstatt-focuseditor/Library/LibraryStore.swift"; sourceTree = SOURCE_ROOT; };
		7E0000000000000000000063 /* PagePickerModel.swift */ = {isa = PBXFileReference; lastKnownFileType = sourcecode.swift; name = PagePickerModel.swift; path = "schreibwerkstatt-focuseditor/Library/PagePickerModel.swift"; sourceTree = SOURCE_ROOT; };
		7E0000000000000000000211 /* Shortcuts.swift */ = {isa = PBXFileReference; lastKnownFileType = sourcecode.swift; name = Shortcuts.swift; path = "schreibwerkstatt-focuseditor/Shortcuts.swift"; sourceTree = SOURCE_ROOT; };
		7E0000000000000000000213 /* ServerScopedKeys.swift */ = {isa = PBXFileReference; lastKnownFileType = sourcecode.swift; name = ServerScopedKeys.swift; path = "schreibwerkstatt-focuseditor/Auth/ServerScopedKeys.swift"; sourceTree = SOURCE_ROOT; };
		7E000000000000000000022D /* WebAssets+GlueSynonyms.swift */ = {isa = PBXFileReference; lastKnownFileType = sourcecode.swift; name = "WebAssets+GlueSynonyms.swift"; path = "schreibwerkstatt-focuseditor/Web/WebAssets+GlueSynonyms.swift"; sourceTree = SOURCE_ROOT; };
		7E000000000000000000022B /* WebAssets+GlueMount.swift */ = {isa = PBXFileReference; lastKnownFileType = sourcecode.swift; name = "WebAssets+GlueMount.swift"; path = "schreibwerkstatt-focuseditor/Web/WebAssets+GlueMount.swift"; sourceTree = SOURCE_ROOT; };
		7E0000000000000000000229 /* WebAssets+GlueStats.swift */ = {isa = PBXFileReference; lastKnownFileType = sourcecode.swift; name = "WebAssets+GlueStats.swift"; path = "schreibwerkstatt-focuseditor/Web/WebAssets+GlueStats.swift"; sourceTree = SOURCE_ROOT; };
		7E0000000000000000000227 /* WebAssets+GlueTypography.swift */ = {isa = PBXFileReference; lastKnownFileType = sourcecode.swift; name = "WebAssets+GlueTypography.swift"; path = "schreibwerkstatt-focuseditor/Web/WebAssets+GlueTypography.swift"; sourceTree = SOURCE_ROOT; };
		7E0000000000000000000225 /* WebAssets+GlueEvents.swift */ = {isa = PBXFileReference; lastKnownFileType = sourcecode.swift; name = "WebAssets+GlueEvents.swift"; path = "schreibwerkstatt-focuseditor/Web/WebAssets+GlueEvents.swift"; sourceTree = SOURCE_ROOT; };
		7E0000000000000000000223 /* WebAssets+GlueHistory.swift */ = {isa = PBXFileReference; lastKnownFileType = sourcecode.swift; name = "WebAssets+GlueHistory.swift"; path = "schreibwerkstatt-focuseditor/Web/WebAssets+GlueHistory.swift"; sourceTree = SOURCE_ROOT; };
		7E0000000000000000000221 /* WebAssets+GlueCaret.swift */ = {isa = PBXFileReference; lastKnownFileType = sourcecode.swift; name = "WebAssets+GlueCaret.swift"; path = "schreibwerkstatt-focuseditor/Web/WebAssets+GlueCaret.swift"; sourceTree = SOURCE_ROOT; };
		7E000000000000000000021F /* WebAssets+GlueSpellcheck.swift */ = {isa = PBXFileReference; lastKnownFileType = sourcecode.swift; name = "WebAssets+GlueSpellcheck.swift"; path = "schreibwerkstatt-focuseditor/Web/WebAssets+GlueSpellcheck.swift"; sourceTree = SOURCE_ROOT; };
		7E0000000000000000000219 /* ServerSeededChoice.swift */ = {isa = PBXFileReference; lastKnownFileType = sourcecode.swift; name = ServerSeededChoice.swift; path = "schreibwerkstatt-focuseditor/Theme/ServerSeededChoice.swift"; sourceTree = SOURCE_ROOT; };
		7E0000000000000000000217 /* JobPolling.swift */ = {isa = PBXFileReference; lastKnownFileType = sourcecode.swift; name = JobPolling.swift; path = "schreibwerkstatt-focuseditor/Jobs/JobPolling.swift"; sourceTree = SOURCE_ROOT; };
		7E0000000000000000000215 /* AppLog.swift */ = {isa = PBXFileReference; lastKnownFileType = sourcecode.swift; name = AppLog.swift; path = "schreibwerkstatt-focuseditor/AppLog.swift"; sourceTree = SOURCE_ROOT; };
		7E0000000000000000000064 /* PageMetrics.swift */ = {isa = PBXFileReference; lastKnownFileType = sourcecode.swift; name = PageMetrics.swift; path = "schreibwerkstatt-focuseditor/Store/PageMetrics.swift"; sourceTree = SOURCE_ROOT; };
		7E0000000000000000000062 /* GRDBLocalStore.swift */ = {isa = PBXFileReference; lastKnownFileType = sourcecode.swift; name = GRDBLocalStore.swift; path = "schreibwerkstatt-focuseditor/Store/GRDBLocalStore.swift"; sourceTree = SOURCE_ROOT; };
		7E0000000000000000000106 /* Focuseditor.app */ = {isa = PBXFileReference; explicitFileType = wrapper.application; includeInIndex = 0; path = Focuseditor.app; sourceTree = BUILT_PRODUCTS_DIR; };
		7E0000000000000000000201 /* WebAssets+DevHarness.swift */ = {isa = PBXFileReference; lastKnownFileType = sourcecode.swift; name = "WebAssets+DevHarness.swift"; path = "schreibwerkstatt-focuseditor/Web/WebAssets+DevHarness.swift"; sourceTree = SOURCE_ROOT; };
		7E0000000000000000000207 /* DiagnosticsReport.swift */ = {isa = PBXFileReference; lastKnownFileType = sourcecode.swift; name = "DiagnosticsReport.swift"; path = "schreibwerkstatt-focuseditor/Diagnostics/DiagnosticsReport.swift"; sourceTree = SOURCE_ROOT; };
		7E0000000000000000000209 /* EditorBundleStore.swift */ = {isa = PBXFileReference; lastKnownFileType = sourcecode.swift; name = "EditorBundleStore.swift"; path = "schreibwerkstatt-focuseditor/Web/EditorBundleStore.swift"; sourceTree = SOURCE_ROOT; };
		7E000000000000000000020B /* LektoratJobStore.swift */ = {isa = PBXFileReference; lastKnownFileType = sourcecode.swift; name = "LektoratJobStore.swift"; path = "schreibwerkstatt-focuseditor/Lektorat/LektoratJobStore.swift"; sourceTree = SOURCE_ROOT; };
		7E000000000000000000020D /* AccountDeletionController.swift */ = {isa = PBXFileReference; lastKnownFileType = sourcecode.swift; name = "AccountDeletionController.swift"; path = "schreibwerkstatt-focuseditor/Auth/AccountDeletionController.swift"; sourceTree = SOURCE_ROOT; };
/* End PBXFileReference section */

/* Begin PBXFileSystemSynchronizedRootGroup section */
		61EA813E2FDE904700FBD31B /* schreibwerkstatt-focuseditor */ = {
			isa = PBXFileSystemSynchronizedRootGroup;
			path = "schreibwerkstatt-focuseditor";
			sourceTree = "<group>";
		};
		7E0000000000000000000003 /* schreibwerkstatt-focuseditorTests */ = {
			isa = PBXFileSystemSynchronizedRootGroup;
			path = "schreibwerkstatt-focuseditorTests";
			sourceTree = "<group>";
		};
/* End PBXFileSystemSynchronizedRootGroup section */

/* Begin PBXFrameworksBuildPhase section */
		61EA81392FDE904700FBD31B /* Frameworks */ = {
			isa = PBXFrameworksBuildPhase;
			buildActionMask = 2147483647;
			files = (
				61DB000000000000000000A3 /* GRDB in Frameworks */,
				61DB000000000000000000B3 /* Sparkle in Frameworks */,
			);
			runOnlyForDeploymentPostprocessing = 0;
		};
		7E0000000000000000000005 /* Frameworks */ = {
			isa = PBXFrameworksBuildPhase;
			buildActionMask = 2147483647;
			files = (
				61DB000000000000000000C3 /* GRDB in Frameworks */,
			);
			runOnlyForDeploymentPostprocessing = 0;
		};
		7E0000000000000000000103 /* Frameworks */ = {
			isa = PBXFrameworksBuildPhase;
			buildActionMask = 2147483647;
			files = (
				7E0000000000000000000101 /* GRDB in Frameworks */,
			);
			runOnlyForDeploymentPostprocessing = 0;
		};
/* End PBXFrameworksBuildPhase section */

/* Begin PBXGroup section */
		6184ADAD2FDEB109002D1DF7 /* Recovered References */ = {
			isa = PBXGroup;
			children = (
				7E000000000000000000020D /* AccountDeletionController.swift */,
				7E000000000000000000020B /* LektoratJobStore.swift */,
				7E0000000000000000000209 /* EditorBundleStore.swift */,
				7E0000000000000000000207 /* DiagnosticsReport.swift */,
				7E0000000000000000000201 /* WebAssets+DevHarness.swift */,
				7E0000000000000000000020 /* APIClient.swift */,
				7E0000000000000000000021 /* AuthError.swift */,
				7E0000000000000000000022 /* ServerConfig.swift */,
				7E0000000000000000000023 /* DeviceToken.swift */,
				7E0000000000000000000024 /* SyncModels.swift */,
				7E000000000000000000003B /* ConflictDiff.swift */,
				7E0000000000000000000025 /* MiniZip.swift */,
				7E0000000000000000000026 /* SyncState.swift */,
				7E0000000000000000000027 /* WebAssets.swift */,
				7E000000000000000000004C /* WebAssets+BridgeFacade.swift */,
				7E000000000000000000004D /* WebAssets+IndexHTML.swift */,
				7E0000000000000000000028 /* Localization.swift */,
				7E0000000000000000000029 /* ServerNamespace.swift */,
				7E0000000000000000000031 /* DeviceIdentity.swift */,
				7E000000000000000000004B /* EditorBridge+Proxies.swift */,
				7E0000000000000000000080 /* EditorBridge+Ops.swift */,
				7E0000000000000000000081 /* EditorBridge+Events.swift */,
				7E0000000000000000000082 /* EditorBridge+Params.swift */,
				7E0000000000000000000083 /* EditorBridge+Recents.swift */,
				7E0000000000000000000045 /* SyncEngine.swift */,
				7E0000000000000000000046 /* SyncEngine+Push.swift */,
				7E0000000000000000000047 /* SyncEngine+Pull.swift */,
				7E0000000000000000000094 /* SyncEngine+Conflicts.swift */,
				7E0000000000000000000048 /* ContentAPI.swift */,
				7E0000000000000000000049 /* Reachability.swift */,
				7E000000000000000000004A /* SyncPreferences.swift */,
				7E0000000000000000000060 /* WritingTimeTracker.swift */,
				7E0000000000000000000061 /* LibraryStore.swift */,
				7E0000000000000000000063 /* PagePickerModel.swift */,
				7E0000000000000000000211 /* Shortcuts.swift */,
				7E0000000000000000000213 /* ServerScopedKeys.swift */,
				7E000000000000000000022D /* WebAssets+GlueSynonyms.swift */,
				7E000000000000000000022B /* WebAssets+GlueMount.swift */,
				7E0000000000000000000229 /* WebAssets+GlueStats.swift */,
				7E0000000000000000000227 /* WebAssets+GlueTypography.swift */,
				7E0000000000000000000225 /* WebAssets+GlueEvents.swift */,
				7E0000000000000000000223 /* WebAssets+GlueHistory.swift */,
				7E0000000000000000000221 /* WebAssets+GlueCaret.swift */,
				7E000000000000000000021F /* WebAssets+GlueSpellcheck.swift */,
				7E0000000000000000000219 /* ServerSeededChoice.swift */,
				7E0000000000000000000217 /* JobPolling.swift */,
				7E0000000000000000000215 /* AppLog.swift */,
				7E0000000000000000000064 /* PageMetrics.swift */,
				7E0000000000000000000062 /* GRDBLocalStore.swift */,
				7E0000000000000000000040 /* EditorBridge.swift */,
				7E0000000000000000000041 /* EditorCoordinating.swift */,
				7E0000000000000000000042 /* LocalStore.swift */,
				7E0000000000000000000043 /* TypographyController.swift */,
				7E0000000000000000000044 /* FocusController.swift */,
			);
			name = "Recovered References";
			sourceTree = "<group>";
		};
		61EA81332FDE904700FBD31B = {
			isa = PBXGroup;
			children = (
				7E0000000000000000000030 /* Version.xcconfig */,
				61EA813E2FDE904700FBD31B /* schreibwerkstatt-focuseditor */,
				7E0000000000000000000003 /* schreibwerkstatt-focuseditorTests */,
				61EA813D2FDE904700FBD31B /* Products */,
				6184ADAD2FDEB109002D1DF7 /* Recovered References */,
			);
			sourceTree = "<group>";
		};
		61EA813D2FDE904700FBD31B /* Products */ = {
			isa = PBXGroup;
			children = (
				61EA813C2FDE904700FBD31B /* Focuseditor.app */,
				7E0000000000000000000106 /* Focuseditor.app */,
				7E0000000000000000000002 /* schreibwerkstatt-focuseditorTests.xctest */,
			);
			name = Products;
			sourceTree = "<group>";
		};
/* End PBXGroup section */

/* Begin PBXNativeTarget section */
		61EA813B2FDE904700FBD31B /* schreibwerkstatt-focuseditor */ = {
			isa = PBXNativeTarget;
			buildConfigurationList = 61EA81472FDE904800FBD31B /* Build configuration list for PBXNativeTarget "schreibwerkstatt-focuseditor" */;
			buildPhases = (
				61EA81382FDE904700FBD31B /* Sources */,
				61EA81392FDE904700FBD31B /* Frameworks */,
				61EA813A2FDE904700FBD31B /* Resources */,
			);
			buildRules = (
			);
			dependencies = (
			);
			fileSystemSynchronizedGroups = (
				61EA813E2FDE904700FBD31B /* schreibwerkstatt-focuseditor */,
			);
			name = "schreibwerkstatt-focuseditor";
			packageProductDependencies = (
				61DB000000000000000000A2 /* GRDB */,
				61DB000000000000000000B2 /* Sparkle */,
			);
			productName = "schreibwerkstatt-focuseditor";
			productReference = 61EA813C2FDE904700FBD31B /* Focuseditor.app */;
			productType = "com.apple.product-type.application";
		};
		7E0000000000000000000001 /* schreibwerkstatt-focuseditorTests */ = {
			isa = PBXNativeTarget;
			buildConfigurationList = 7E0000000000000000000007 /* Build configuration list for PBXNativeTarget "schreibwerkstatt-focuseditorTests" */;
			buildPhases = (
				7E0000000000000000000004 /* Sources */,
				7E0000000000000000000005 /* Frameworks */,
				7E0000000000000000000006 /* Resources */,
			);
			buildRules = (
			);
			dependencies = (
				7E000000000000000000000A /* PBXTargetDependency */,
			);
			fileSystemSynchronizedGroups = (
				7E0000000000000000000003 /* schreibwerkstatt-focuseditorTests */,
			);
			name = "schreibwerkstatt-focuseditorTests";
			packageProductDependencies = (
				61DB000000000000000000C2 /* GRDB */,
			);
			productName = "schreibwerkstatt-focuseditorTests";
			productReference = 7E0000000000000000000002 /* schreibwerkstatt-focuseditorTests.xctest */;
			productType = "com.apple.product-type.bundle.unit-test";
		};
		7E000000000000000000010A /* Focuseditor-MAS */ = {
			isa = PBXNativeTarget;
			buildConfigurationList = 7E0000000000000000000109 /* Build configuration list for PBXNativeTarget "Focuseditor-MAS" */;
			buildPhases = (
				7E0000000000000000000104 /* Sources */,
				7E0000000000000000000103 /* Frameworks */,
				7E0000000000000000000105 /* Resources */,
			);
			buildRules = (
			);
			dependencies = (
			);
			fileSystemSynchronizedGroups = (
				61EA813E2FDE904700FBD31B /* schreibwerkstatt-focuseditor */,
			);
			name = "Focuseditor-MAS";
			packageProductDependencies = (
				7E0000000000000000000102 /* GRDB */,
			);
			productName = "Focuseditor-MAS";
			productReference = 7E0000000000000000000106 /* Focuseditor.app */;
			productType = "com.apple.product-type.application";
		};
/* End PBXNativeTarget section */

/* Begin PBXProject section */
		61EA81342FDE904700FBD31B /* Project object */ = {
			isa = PBXProject;
			attributes = {
				BuildIndependentTargetsInParallel = 1;
				LastSwiftUpdateCheck = 2650;
				LastUpgradeCheck = 2650;
				TargetAttributes = {
					61EA813B2FDE904700FBD31B = {
						CreatedOnToolsVersion = 26.5;
					};
					7E0000000000000000000001 = {
						CreatedOnToolsVersion = 26.5;
						TestTargetID = 61EA813B2FDE904700FBD31B;
					};
					7E000000000000000000010A = {
						CreatedOnToolsVersion = 26.5;
					};
				};
			};
			buildConfigurationList = 61EA81372FDE904700FBD31B /* Build configuration list for PBXProject "schreibwerkstatt-focuseditor" */;
			developmentRegion = en;
			hasScannedForEncodings = 0;
			knownRegions = (
				en,
				de,
				Base,
			);
			mainGroup = 61EA81332FDE904700FBD31B;
			minimizedProjectReferenceProxies = 1;
			packageReferences = (
				61DB000000000000000000A1 /* XCRemoteSwiftPackageReference "GRDB" */,
				61DB000000000000000000B1 /* XCRemoteSwiftPackageReference "Sparkle" */,
			);
			preferredProjectObjectVersion = 77;
			productRefGroup = 61EA813D2FDE904700FBD31B /* Products */;
			projectDirPath = "";
			projectRoot = "";
			targets = (
				61EA813B2FDE904700FBD31B /* schreibwerkstatt-focuseditor */,
				7E0000000000000000000001 /* schreibwerkstatt-focuseditorTests */,
				7E000000000000000000010A /* Focuseditor-MAS */,
			);
		};
/* End PBXProject section */

/* Begin PBXResourcesBuildPhase section */
		61EA813A2FDE904700FBD31B /* Resources */ = {
			isa = PBXResourcesBuildPhase;
			buildActionMask = 2147483647;
			files = (
			);
			runOnlyForDeploymentPostprocessing = 0;
		};
		7E0000000000000000000006 /* Resources */ = {
			isa = PBXResourcesBuildPhase;
			buildActionMask = 2147483647;
			files = (
			);
			runOnlyForDeploymentPostprocessing = 0;
		};
		7E0000000000000000000105 /* Resources */ = {
			isa = PBXResourcesBuildPhase;
			buildActionMask = 2147483647;
			files = (
			);
			runOnlyForDeploymentPostprocessing = 0;
		};
/* End PBXResourcesBuildPhase section */

/* Begin PBXSourcesBuildPhase section */
		61EA81382FDE904700FBD31B /* Sources */ = {
			isa = PBXSourcesBuildPhase;
			buildActionMask = 2147483647;
			files = (
			);
			runOnlyForDeploymentPostprocessing = 0;
		};
		7E0000000000000000000004 /* Sources */ = {
			isa = PBXSourcesBuildPhase;
			buildActionMask = 2147483647;
			files = (
				7E0000000000000000000010 /* APIClient.swift in Sources */,
				7E000000000000000000020C /* AccountDeletionController.swift in Sources */,
				7E000000000000000000020A /* LektoratJobStore.swift in Sources */,
				7E0000000000000000000208 /* EditorBundleStore.swift in Sources */,
				7E0000000000000000000206 /* DiagnosticsReport.swift in Sources */,
				7E0000000000000000000200 /* WebAssets+DevHarness.swift in Sources */,
				7E0000000000000000000070 /* WritingTimeTracker.swift in Sources */,
				7E0000000000000000000071 /* LibraryStore.swift in Sources */,
				7E0000000000000000000073 /* PagePickerModel.swift in Sources */,
				7E0000000000000000000210 /* Shortcuts.swift in Sources */,
				7E0000000000000000000212 /* ServerScopedKeys.swift in Sources */,
				7E000000000000000000022C /* WebAssets+GlueSynonyms.swift in Sources */,
				7E000000000000000000022A /* WebAssets+GlueMount.swift in Sources */,
				7E0000000000000000000228 /* WebAssets+GlueStats.swift in Sources */,
				7E0000000000000000000226 /* WebAssets+GlueTypography.swift in Sources */,
				7E0000000000000000000224 /* WebAssets+GlueEvents.swift in Sources */,
				7E0000000000000000000222 /* WebAssets+GlueHistory.swift in Sources */,
				7E0000000000000000000220 /* WebAssets+GlueCaret.swift in Sources */,
				7E000000000000000000021E /* WebAssets+GlueSpellcheck.swift in Sources */,
				7E0000000000000000000218 /* ServerSeededChoice.swift in Sources */,
				7E0000000000000000000216 /* JobPolling.swift in Sources */,
				7E0000000000000000000214 /* AppLog.swift in Sources */,
				7E0000000000000000000074 /* PageMetrics.swift in Sources */,
				7E0000000000000000000072 /* GRDBLocalStore.swift in Sources */,
				7E0000000000000000000011 /* AuthError.swift in Sources */,
				7E0000000000000000000012 /* ServerConfig.swift in Sources */,
				7E0000000000000000000013 /* DeviceToken.swift in Sources */,
				7E0000000000000000000014 /* SyncModels.swift in Sources */,
				7E0000000000000000000015 /* MiniZip.swift in Sources */,
				7E0000000000000000000016 /* SyncState.swift in Sources */,
				7E0000000000000000000017 /* WebAssets.swift in Sources */,
				7E000000000000000000005C /* WebAssets+BridgeFacade.swift in Sources */,
				7E000000000000000000005D /* WebAssets+IndexHTML.swift in Sources */,
				7E0000000000000000000018 /* Localization.swift in Sources */,
				7E0000000000000000000019 /* ServerNamespace.swift in Sources */,
				7E000000000000000000001A /* DeviceIdentity.swift in Sources */,
				7E000000000000000000003A /* ConflictDiff.swift in Sources */,
				7E0000000000000000000050 /* EditorBridge.swift in Sources */,
				7E000000000000000000005B /* EditorBridge+Proxies.swift in Sources */,
				7E0000000000000000000090 /* EditorBridge+Ops.swift in Sources */,
				7E0000000000000000000091 /* EditorBridge+Events.swift in Sources */,
				7E0000000000000000000092 /* EditorBridge+Params.swift in Sources */,
				7E0000000000000000000093 /* EditorBridge+Recents.swift in Sources */,
				7E0000000000000000000051 /* EditorCoordinating.swift in Sources */,
				7E0000000000000000000052 /* LocalStore.swift in Sources */,
				7E0000000000000000000053 /* TypographyController.swift in Sources */,
				7E0000000000000000000054 /* FocusController.swift in Sources */,
				7E0000000000000000000055 /* SyncEngine.swift in Sources */,
				7E0000000000000000000056 /* SyncEngine+Push.swift in Sources */,
				7E0000000000000000000057 /* SyncEngine+Pull.swift in Sources */,
				7E0000000000000000000095 /* SyncEngine+Conflicts.swift in Sources */,
				7E0000000000000000000058 /* ContentAPI.swift in Sources */,
				7E0000000000000000000059 /* Reachability.swift in Sources */,
				7E000000000000000000005A /* SyncPreferences.swift in Sources */,
			);
			runOnlyForDeploymentPostprocessing = 0;
		};
		7E0000000000000000000104 /* Sources */ = {
			isa = PBXSourcesBuildPhase;
			buildActionMask = 2147483647;
			files = (
			);
			runOnlyForDeploymentPostprocessing = 0;
		};
/* End PBXSourcesBuildPhase section */

/* Begin PBXTargetDependency section */
		7E000000000000000000000A /* PBXTargetDependency */ = {
			isa = PBXTargetDependency;
			target = 61EA813B2FDE904700FBD31B /* schreibwerkstatt-focuseditor */;
			targetProxy = 7E000000000000000000000B /* PBXContainerItemProxy */;
		};
/* End PBXTargetDependency section */

/* Begin XCBuildConfiguration section */
		61EA81452FDE904800FBD31B /* Debug */ = {
			isa = XCBuildConfiguration;
			baseConfigurationReference = 7E0000000000000000000030 /* Version.xcconfig */;
			buildSettings = {
				ALWAYS_SEARCH_USER_PATHS = NO;
				ASSETCATALOG_COMPILER_GENERATE_SWIFT_ASSET_SYMBOL_EXTENSIONS = YES;
				CLANG_ANALYZER_NONNULL = YES;
				CLANG_ANALYZER_NUMBER_OBJECT_CONVERSION = YES_AGGRESSIVE;
				CLANG_CXX_LANGUAGE_STANDARD = "gnu++20";
				CLANG_ENABLE_MODULES = YES;
				CLANG_ENABLE_OBJC_ARC = YES;
				CLANG_ENABLE_OBJC_WEAK = YES;
				CLANG_WARN_BLOCK_CAPTURE_AUTORELEASING = YES;
				CLANG_WARN_BOOL_CONVERSION = YES;
				CLANG_WARN_COMMA = YES;
				CLANG_WARN_CONSTANT_CONVERSION = YES;
				CLANG_WARN_DEPRECATED_OBJC_IMPLEMENTATIONS = YES;
				CLANG_WARN_DIRECT_OBJC_ISA_USAGE = YES_ERROR;
				CLANG_WARN_DOCUMENTATION_COMMENTS = YES;
				CLANG_WARN_EMPTY_BODY = YES;
				CLANG_WARN_ENUM_CONVERSION = YES;
				CLANG_WARN_INFINITE_RECURSION = YES;
				CLANG_WARN_INT_CONVERSION = YES;
				CLANG_WARN_NON_LITERAL_NULL_CONVERSION = YES;
				CLANG_WARN_OBJC_IMPLICIT_RETAIN_SELF = YES;
				CLANG_WARN_OBJC_LITERAL_CONVERSION = YES;
				CLANG_WARN_OBJC_ROOT_CLASS = YES_ERROR;
				CLANG_WARN_QUOTED_INCLUDE_IN_FRAMEWORK_HEADER = YES;
				CLANG_WARN_RANGE_LOOP_ANALYSIS = YES;
				CLANG_WARN_STRICT_PROTOTYPES = YES;
				CLANG_WARN_SUSPICIOUS_MOVE = YES;
				CLANG_WARN_UNGUARDED_AVAILABILITY = YES_AGGRESSIVE;
				CLANG_WARN_UNREACHABLE_CODE = YES;
				CLANG_WARN__DUPLICATE_METHOD_MATCH = YES;
				COPY_PHASE_STRIP = NO;
				DEBUG_INFORMATION_FORMAT = dwarf;
				ENABLE_STRICT_OBJC_MSGSEND = YES;
				ENABLE_TESTABILITY = YES;
				ENABLE_USER_SCRIPT_SANDBOXING = YES;
				GCC_C_LANGUAGE_STANDARD = gnu17;
				GCC_DYNAMIC_NO_PIC = NO;
				GCC_NO_COMMON_BLOCKS = YES;
				GCC_OPTIMIZATION_LEVEL = 0;
				GCC_PREPROCESSOR_DEFINITIONS = (
					"DEBUG=1",
					"$(inherited)",
				);
				GCC_WARN_64_TO_32_BIT_CONVERSION = YES;
				GCC_WARN_ABOUT_RETURN_TYPE = YES_ERROR;
				GCC_WARN_UNDECLARED_SELECTOR = YES;
				GCC_WARN_UNINITIALIZED_AUTOS = YES_AGGRESSIVE;
				GCC_WARN_UNUSED_FUNCTION = YES;
				GCC_WARN_UNUSED_VARIABLE = YES;
				LOCALIZATION_PREFERS_STRING_CATALOGS = YES;
				MACOSX_DEPLOYMENT_TARGET = 14.0;
				MTL_ENABLE_DEBUG_INFO = INCLUDE_SOURCE;
				MTL_FAST_MATH = YES;
				ONLY_ACTIVE_ARCH = YES;
				SDKROOT = macosx;
				SWIFT_ACTIVE_COMPILATION_CONDITIONS = "DEBUG $(inherited)";
				SWIFT_OPTIMIZATION_LEVEL = "-Onone";
			};
			name = Debug;
		};
		61EA81462FDE904800FBD31B /* Release */ = {
			isa = XCBuildConfiguration;
			baseConfigurationReference = 7E0000000000000000000030 /* Version.xcconfig */;
			buildSettings = {
				ALWAYS_SEARCH_USER_PATHS = NO;
				ARCHS = arm64;
				ASSETCATALOG_COMPILER_GENERATE_SWIFT_ASSET_SYMBOL_EXTENSIONS = YES;
				CLANG_ANALYZER_NONNULL = YES;
				CLANG_ANALYZER_NUMBER_OBJECT_CONVERSION = YES_AGGRESSIVE;
				CLANG_CXX_LANGUAGE_STANDARD = "gnu++20";
				CLANG_ENABLE_MODULES = YES;
				CLANG_ENABLE_OBJC_ARC = YES;
				CLANG_ENABLE_OBJC_WEAK = YES;
				CLANG_WARN_BLOCK_CAPTURE_AUTORELEASING = YES;
				CLANG_WARN_BOOL_CONVERSION = YES;
				CLANG_WARN_COMMA = YES;
				CLANG_WARN_CONSTANT_CONVERSION = YES;
				CLANG_WARN_DEPRECATED_OBJC_IMPLEMENTATIONS = YES;
				CLANG_WARN_DIRECT_OBJC_ISA_USAGE = YES_ERROR;
				CLANG_WARN_DOCUMENTATION_COMMENTS = YES;
				CLANG_WARN_EMPTY_BODY = YES;
				CLANG_WARN_ENUM_CONVERSION = YES;
				CLANG_WARN_INFINITE_RECURSION = YES;
				CLANG_WARN_INT_CONVERSION = YES;
				CLANG_WARN_NON_LITERAL_NULL_CONVERSION = YES;
				CLANG_WARN_OBJC_IMPLICIT_RETAIN_SELF = YES;
				CLANG_WARN_OBJC_LITERAL_CONVERSION = YES;
				CLANG_WARN_OBJC_ROOT_CLASS = YES_ERROR;
				CLANG_WARN_QUOTED_INCLUDE_IN_FRAMEWORK_HEADER = YES;
				CLANG_WARN_RANGE_LOOP_ANALYSIS = YES;
				CLANG_WARN_STRICT_PROTOTYPES = YES;
				CLANG_WARN_SUSPICIOUS_MOVE = YES;
				CLANG_WARN_UNGUARDED_AVAILABILITY = YES_AGGRESSIVE;
				CLANG_WARN_UNREACHABLE_CODE = YES;
				CLANG_WARN__DUPLICATE_METHOD_MATCH = YES;
				COPY_PHASE_STRIP = NO;
				DEBUG_INFORMATION_FORMAT = "dwarf-with-dsym";
				ENABLE_NS_ASSERTIONS = NO;
				ENABLE_STRICT_OBJC_MSGSEND = YES;
				ENABLE_USER_SCRIPT_SANDBOXING = YES;
				GCC_C_LANGUAGE_STANDARD = gnu17;
				GCC_NO_COMMON_BLOCKS = YES;
				GCC_WARN_64_TO_32_BIT_CONVERSION = YES;
				GCC_WARN_ABOUT_RETURN_TYPE = YES_ERROR;
				GCC_WARN_UNDECLARED_SELECTOR = YES;
				GCC_WARN_UNINITIALIZED_AUTOS = YES_AGGRESSIVE;
				GCC_WARN_UNUSED_FUNCTION = YES;
				GCC_WARN_UNUSED_VARIABLE = YES;
				LOCALIZATION_PREFERS_STRING_CATALOGS = YES;
				MACOSX_DEPLOYMENT_TARGET = 14.0;
				MTL_ENABLE_DEBUG_INFO = NO;
				MTL_FAST_MATH = YES;
				SDKROOT = macosx;
				SWIFT_COMPILATION_MODE = wholemodule;
			};
			name = Release;
		};
		61EA81482FDE904800FBD31B /* Debug */ = {
			isa = XCBuildConfiguration;
			buildSettings = {
				ASSETCATALOG_COMPILER_APPICON_NAME = AppIcon;
				ASSETCATALOG_COMPILER_GLOBAL_ACCENT_COLOR_NAME = AccentColor;
				ASSETCATALOG_COMPILER_INCLUDE_ALL_APPICON_ASSETS = YES;
				CODE_SIGN_ENTITLEMENTS = Config/Focuseditor.entitlements;
				"CODE_SIGN_IDENTITY[sdk=macosx*]" = "Apple Development";
				CODE_SIGN_STYLE = Automatic;
				COMBINE_HIDPI_IMAGES = YES;
				DEVELOPMENT_TEAM = TQA2JLKT87;
				ENABLE_APP_SANDBOX = YES;
				ENABLE_HARDENED_RUNTIME = YES;
				ENABLE_OUTGOING_NETWORK_CONNECTIONS = YES;
				ENABLE_PREVIEWS = YES;
				ENABLE_USER_SELECTED_FILES = readonly;
				GENERATE_INFOPLIST_FILE = YES;
				INFOPLIST_FILE = Config/Info.plist;
				INFOPLIST_KEY_CFBundleDisplayName = "Schreibwerkstatt Fokus";
				INFOPLIST_KEY_CFBundleName = Focuseditor;
				INFOPLIST_KEY_LSApplicationCategoryType = "public.app-category.productivity";
				INFOPLIST_KEY_NSHumanReadableCopyright = "";
				LD_RUNPATH_SEARCH_PATHS = (
					"$(inherited)",
					"@executable_path/../Frameworks",
				);
				PRODUCT_BUNDLE_IDENTIFIER = "David-Berger.schreibwerkstatt-focuseditor";
				PRODUCT_MODULE_NAME = schreibwerkstatt_focuseditor;
				PRODUCT_NAME = Focuseditor;
				REGISTER_APP_GROUPS = YES;
				STRING_CATALOG_GENERATE_SYMBOLS = YES;
				SWIFT_ACTIVE_COMPILATION_CONDITIONS = "$(inherited) SPARKLE";
				SWIFT_APPROACHABLE_CONCURRENCY = YES;
				SWIFT_DEFAULT_ACTOR_ISOLATION = MainActor;
				SWIFT_EMIT_LOC_STRINGS = YES;
				SWIFT_UPCOMING_FEATURE_MEMBER_IMPORT_VISIBILITY = YES;
				SWIFT_VERSION = 5.0;
			};
			name = Debug;
		};
		61EA81492FDE904800FBD31B /* Release */ = {
			isa = XCBuildConfiguration;
			buildSettings = {
				ASSETCATALOG_COMPILER_APPICON_NAME = AppIcon;
				ASSETCATALOG_COMPILER_GLOBAL_ACCENT_COLOR_NAME = AccentColor;
				ASSETCATALOG_COMPILER_INCLUDE_ALL_APPICON_ASSETS = YES;
				CODE_SIGN_ENTITLEMENTS = Config/Focuseditor.entitlements;
				"CODE_SIGN_IDENTITY[sdk=macosx*]" = "Apple Development";
				CODE_SIGN_STYLE = Automatic;
				COMBINE_HIDPI_IMAGES = YES;
				DEVELOPMENT_TEAM = TQA2JLKT87;
				ENABLE_APP_SANDBOX = YES;
				ENABLE_HARDENED_RUNTIME = YES;
				ENABLE_OUTGOING_NETWORK_CONNECTIONS = YES;
				ENABLE_PREVIEWS = YES;
				ENABLE_USER_SELECTED_FILES = readonly;
				GENERATE_INFOPLIST_FILE = YES;
				INFOPLIST_FILE = Config/Info.plist;
				INFOPLIST_KEY_CFBundleDisplayName = "Schreibwerkstatt Fokus";
				INFOPLIST_KEY_CFBundleName = Focuseditor;
				INFOPLIST_KEY_LSApplicationCategoryType = "public.app-category.productivity";
				INFOPLIST_KEY_NSHumanReadableCopyright = "";
				LD_RUNPATH_SEARCH_PATHS = (
					"$(inherited)",
					"@executable_path/../Frameworks",
				);
				PRODUCT_BUNDLE_IDENTIFIER = "David-Berger.schreibwerkstatt-focuseditor";
				PRODUCT_MODULE_NAME = schreibwerkstatt_focuseditor;
				PRODUCT_NAME = Focuseditor;
				REGISTER_APP_GROUPS = YES;
				STRING_CATALOG_GENERATE_SYMBOLS = YES;
				SWIFT_ACTIVE_COMPILATION_CONDITIONS = "$(inherited) SPARKLE";
				SWIFT_APPROACHABLE_CONCURRENCY = YES;
				SWIFT_DEFAULT_ACTOR_ISOLATION = MainActor;
				SWIFT_EMIT_LOC_STRINGS = YES;
				SWIFT_UPCOMING_FEATURE_MEMBER_IMPORT_VISIBILITY = YES;
				SWIFT_VERSION = 5.0;
			};
			name = Release;
		};
		7E0000000000000000000008 /* Debug */ = {
			isa = XCBuildConfiguration;
			buildSettings = {
				CODE_SIGN_STYLE = Automatic;
				GENERATE_INFOPLIST_FILE = YES;
				MACOSX_DEPLOYMENT_TARGET = 14.0;
				PRODUCT_BUNDLE_IDENTIFIER = "David-Berger.schreibwerkstatt-focuseditorTests";
				PRODUCT_NAME = "$(TARGET_NAME)";
				SWIFT_APPROACHABLE_CONCURRENCY = YES;
				SWIFT_DEFAULT_ACTOR_ISOLATION = MainActor;
				SWIFT_EMIT_LOC_STRINGS = NO;
				SWIFT_UPCOMING_FEATURE_MEMBER_IMPORT_VISIBILITY = YES;
				SWIFT_VERSION = 5.0;
			};
			name = Debug;
		};
		7E0000000000000000000009 /* Release */ = {
			isa = XCBuildConfiguration;
			buildSettings = {
				CODE_SIGN_STYLE = Automatic;
				GENERATE_INFOPLIST_FILE = YES;
				MACOSX_DEPLOYMENT_TARGET = 14.0;
				PRODUCT_BUNDLE_IDENTIFIER = "David-Berger.schreibwerkstatt-focuseditorTests";
				PRODUCT_NAME = "$(TARGET_NAME)";
				SWIFT_APPROACHABLE_CONCURRENCY = YES;
				SWIFT_DEFAULT_ACTOR_ISOLATION = MainActor;
				SWIFT_EMIT_LOC_STRINGS = NO;
				SWIFT_UPCOMING_FEATURE_MEMBER_IMPORT_VISIBILITY = YES;
				SWIFT_VERSION = 5.0;
			};
			name = Release;
		};
		7E0000000000000000000107 /* Debug */ = {
			isa = XCBuildConfiguration;
			buildSettings = {
				ASSETCATALOG_COMPILER_APPICON_NAME = AppIcon;
				ASSETCATALOG_COMPILER_GLOBAL_ACCENT_COLOR_NAME = AccentColor;
				ASSETCATALOG_COMPILER_INCLUDE_ALL_APPICON_ASSETS = YES;
				"CODE_SIGN_IDENTITY[sdk=macosx*]" = "Apple Development";
				CODE_SIGN_STYLE = Automatic;
				COMBINE_HIDPI_IMAGES = YES;
				DEVELOPMENT_TEAM = TQA2JLKT87;
				ENABLE_APP_SANDBOX = YES;
				ENABLE_HARDENED_RUNTIME = YES;
				ENABLE_OUTGOING_NETWORK_CONNECTIONS = YES;
				ENABLE_PREVIEWS = YES;
				ENABLE_USER_SELECTED_FILES = readonly;
				GENERATE_INFOPLIST_FILE = YES;
				INFOPLIST_FILE = "Config/Info-MAS.plist";
				INFOPLIST_KEY_CFBundleDisplayName = "Schreibwerkstatt Fokus";
				INFOPLIST_KEY_CFBundleName = Focuseditor;
				INFOPLIST_KEY_LSApplicationCategoryType = "public.app-category.productivity";
				INFOPLIST_KEY_NSHumanReadableCopyright = "";
				LD_RUNPATH_SEARCH_PATHS = (
					"$(inherited)",
					"@executable_path/../Frameworks",
				);
				PRODUCT_BUNDLE_IDENTIFIER = "David-Berger.schreibwerkstatt-focuseditor";
				PRODUCT_MODULE_NAME = schreibwerkstatt_focuseditor;
				PRODUCT_NAME = Focuseditor;
				REGISTER_APP_GROUPS = YES;
				STRING_CATALOG_GENERATE_SYMBOLS = YES;
				SWIFT_APPROACHABLE_CONCURRENCY = YES;
				SWIFT_DEFAULT_ACTOR_ISOLATION = MainActor;
				SWIFT_EMIT_LOC_STRINGS = YES;
				SWIFT_UPCOMING_FEATURE_MEMBER_IMPORT_VISIBILITY = YES;
				SWIFT_VERSION = 5.0;
			};
			name = Debug;
		};
		7E0000000000000000000108 /* Release */ = {
			isa = XCBuildConfiguration;
			buildSettings = {
				ASSETCATALOG_COMPILER_APPICON_NAME = AppIcon;
				ASSETCATALOG_COMPILER_GLOBAL_ACCENT_COLOR_NAME = AccentColor;
				ASSETCATALOG_COMPILER_INCLUDE_ALL_APPICON_ASSETS = YES;
				"CODE_SIGN_IDENTITY[sdk=macosx*]" = "Apple Development";
				CODE_SIGN_STYLE = Automatic;
				COMBINE_HIDPI_IMAGES = YES;
				DEVELOPMENT_TEAM = TQA2JLKT87;
				ENABLE_APP_SANDBOX = YES;
				ENABLE_HARDENED_RUNTIME = YES;
				ENABLE_OUTGOING_NETWORK_CONNECTIONS = YES;
				ENABLE_PREVIEWS = YES;
				ENABLE_USER_SELECTED_FILES = readonly;
				GENERATE_INFOPLIST_FILE = YES;
				INFOPLIST_FILE = "Config/Info-MAS.plist";
				INFOPLIST_KEY_CFBundleDisplayName = "Schreibwerkstatt Fokus";
				INFOPLIST_KEY_CFBundleName = Focuseditor;
				INFOPLIST_KEY_LSApplicationCategoryType = "public.app-category.productivity";
				INFOPLIST_KEY_NSHumanReadableCopyright = "";
				LD_RUNPATH_SEARCH_PATHS = (
					"$(inherited)",
					"@executable_path/../Frameworks",
				);
				PRODUCT_BUNDLE_IDENTIFIER = "David-Berger.schreibwerkstatt-focuseditor";
				PRODUCT_MODULE_NAME = schreibwerkstatt_focuseditor;
				PRODUCT_NAME = Focuseditor;
				REGISTER_APP_GROUPS = YES;
				STRING_CATALOG_GENERATE_SYMBOLS = YES;
				SWIFT_APPROACHABLE_CONCURRENCY = YES;
				SWIFT_DEFAULT_ACTOR_ISOLATION = MainActor;
				SWIFT_EMIT_LOC_STRINGS = YES;
				SWIFT_UPCOMING_FEATURE_MEMBER_IMPORT_VISIBILITY = YES;
				SWIFT_VERSION = 5.0;
			};
			name = Release;
		};
/* End XCBuildConfiguration section */

/* Begin XCConfigurationList section */
		61EA81372FDE904700FBD31B /* Build configuration list for PBXProject "schreibwerkstatt-focuseditor" */ = {
			isa = XCConfigurationList;
			buildConfigurations = (
				61EA81452FDE904800FBD31B /* Debug */,
				61EA81462FDE904800FBD31B /* Release */,
			);
			defaultConfigurationIsVisible = 0;
			defaultConfigurationName = Release;
		};
		61EA81472FDE904800FBD31B /* Build configuration list for PBXNativeTarget "schreibwerkstatt-focuseditor" */ = {
			isa = XCConfigurationList;
			buildConfigurations = (
				61EA81482FDE904800FBD31B /* Debug */,
				61EA81492FDE904800FBD31B /* Release */,
			);
			defaultConfigurationIsVisible = 0;
			defaultConfigurationName = Release;
		};
		7E0000000000000000000007 /* Build configuration list for PBXNativeTarget "schreibwerkstatt-focuseditorTests" */ = {
			isa = XCConfigurationList;
			buildConfigurations = (
				7E0000000000000000000008 /* Debug */,
				7E0000000000000000000009 /* Release */,
			);
			defaultConfigurationIsVisible = 0;
			defaultConfigurationName = Release;
		};
		7E0000000000000000000109 /* Build configuration list for PBXNativeTarget "Focuseditor-MAS" */ = {
			isa = XCConfigurationList;
			buildConfigurations = (
				7E0000000000000000000107 /* Debug */,
				7E0000000000000000000108 /* Release */,
			);
			defaultConfigurationIsVisible = 0;
			defaultConfigurationName = Release;
		};
/* End XCConfigurationList section */

/* Begin XCRemoteSwiftPackageReference section */
		61DB000000000000000000A1 /* XCRemoteSwiftPackageReference "GRDB" */ = {
			isa = XCRemoteSwiftPackageReference;
			repositoryURL = "https://github.com/groue/GRDB.swift";
			requirement = {
				kind = upToNextMajorVersion;
				minimumVersion = 7.11.0;
			};
		};
		61DB000000000000000000B1 /* XCRemoteSwiftPackageReference "Sparkle" */ = {
			isa = XCRemoteSwiftPackageReference;
			repositoryURL = "https://github.com/sparkle-project/Sparkle";
			requirement = {
				kind = upToNextMajorVersion;
				minimumVersion = 2.6.0;
			};
		};
/* End XCRemoteSwiftPackageReference section */

/* Begin XCSwiftPackageProductDependency section */
		61DB000000000000000000A2 /* GRDB */ = {
			isa = XCSwiftPackageProductDependency;
			package = 61DB000000000000000000A1 /* XCRemoteSwiftPackageReference "GRDB" */;
			productName = GRDB;
		};
		61DB000000000000000000B2 /* Sparkle */ = {
			isa = XCSwiftPackageProductDependency;
			package = 61DB000000000000000000B1 /* XCRemoteSwiftPackageReference "Sparkle" */;
			productName = Sparkle;
		};
		61DB000000000000000000C2 /* GRDB */ = {
			isa = XCSwiftPackageProductDependency;
			package = 61DB000000000000000000A1 /* XCRemoteSwiftPackageReference "GRDB" */;
			productName = GRDB;
		};
		7E0000000000000000000102 /* GRDB */ = {
			isa = XCSwiftPackageProductDependency;
			package = 61DB000000000000000000A1 /* XCRemoteSwiftPackageReference "GRDB" */;
			productName = GRDB;
		};
/* End XCSwiftPackageProductDependency section */
	};
	rootObject = 61EA81342FDE904700FBD31B /* Project object */;
}
